
Microsoft Visual Studio Solution File, Format Version 12.00
Project("{FAE04EC0-301F-11D3-BF4B-00C04F79EFBC}") = "PersonalGameLibrary", "PersonalGameLibrary\PersonalGameLibrary.csproj", "{8A55D4D8-1DB9-44B4-9232-02721DACA027}"
EndProject
Project("{FAE04EC0-301F-11D3-BF4B-00C04F79EFBC}") = "GameLibraryDb", "GameLibraryDb\GameLibraryDb.csproj", "{6821DE51-77E0-4E3C-9F9B-750419C367BA}"
EndProject
Global
	GlobalSection(SolutionConfigurationPlatforms) = preSolution
		Debug|Any CPU = Debug|Any CPU
		Release|Any CPU = Release|Any CPU
	EndGlobalSection
	GlobalSection(ProjectConfigurationPlatforms) = postSolution
		{8A55D4D8-1DB9-44B4-9232-02721DACA027}.Debug|Any CPU.ActiveCfg = Debug|Any CPU
		{8A55D4D8-1DB9-44B4-9232-02721DACA027}.Debug|Any CPU.Build.0 = Debug|Any CPU
		{8A55D4D8-1DB9-44B4-9232-02721DACA027}.Release|Any CPU.ActiveCfg = Release|Any CPU
		{8A55D4D8-1DB9-44B4-9232-02721DACA027}.Release|Any CPU.Build.0 = Release|Any CPU
		{6821DE51-77E0-4E3C-9F9B-750419C367BA}.Debug|Any CPU.ActiveCfg = Debug|Any CPU
		{6821DE51-77E0-4E3C-9F9B-750419C367BA}.Debug|Any CPU.Build.0 = Debug|Any CPU
		{6821DE51-77E0-4E3C-9F9B-750419C367BA}.Release|Any CPU.ActiveCfg = Release|Any CPU
		{6821DE51-77E0-4E3C-9F9B-750419C367BA}.Release|Any CPU.Build.0 = Release|Any CPU
	EndGlobalSection
EndGlobal
